
Microsoft Visual Studio Solution File, Format Version 12.00
# Visual Studio Version 16
VisualStudioVersion = 16.0.30717.126
MinimumVisualStudioVersion = 10.0.40219.1
Project("{8BC9CEB8-8B4A-11D0-8D11-00A0C91BC942}") = "AlgoData_Ca2", "AlgoData_Ca2\AlgoData_Ca2.vcxproj", "{720786D8-8329-47F6-82E2-13F19712AAF0}"
EndProject
Project("{8BC9CEB8-8B4A-11D0-8D11-00A0C91BC942}") = "AlgoData_Ca2_Test", "AlgoData_Ca2_Test\AlgoData_Ca2_Test.vcxproj", "{659B6D31-AF94-499E-83A9-A4A978281F83}"
EndProject
Global
	GlobalSection(SolutionConfigurationPlatforms) = preSolution
		Debug|x64 = Debug|x64
		Debug|x86 = Debug|x86
		Release|x64 = Release|x64
		Release|x86 = Release|x86
	EndGlobalSection
	GlobalSection(ProjectConfigurationPlatforms) = postSolution
		{720786D8-8329-47F6-82E2-13F19712AAF0}.Debug|x64.ActiveCfg = Debug|x64
		{720786D8-8329-47F6-82E2-13F19712AAF0}.Debug|x64.Build.0 = Debug|x64
		{720786D8-8329-47F6-82E2-13F19712AAF0}.Debug|x86.ActiveCfg = Debug|Win32
		{720786D8-8329-47F6-82E2-13F19712AAF0}.Debug|x86.Build.0 = Debug|Win32
		{720786D8-8329-47F6-82E2-13F19712AAF0}.Release|x64.ActiveCfg = Release|x64
		{720786D8-8329-47F6-82E2-13F19712AAF0}.Release|x64.Build.0 = Release|x64
		{720786D8-8329-47F6-82E2-13F19712AAF0}.Release|x86.ActiveCfg = Release|Win32
		{720786D8-8329-47F6-82E2-13F19712AAF0}.Release|x86.Build.0 = Release|Win32
		{659B6D31-AF94-499E-83A9-A4A978281F83}.Debug|x64.ActiveCfg = Debug|x64
		{659B6D31-AF94-499E-83A9-A4A978281F83}.Debug|x64.Build.0 = Debug|x64
		{659B6D31-AF94-499E-83A9-A4A978281F83}.Debug|x86.ActiveCfg = Debug|Win32
		{659B6D31-AF94-499E-83A9-A4A978281F83}.Debug|x86.Build.0 = Debug|Win32
		{659B6D31-AF94-499E-83A9-A4A978281F83}.Release|x64.ActiveCfg = Release|x64
		{659B6D31-AF94-499E-83A9-A4A978281F83}.Release|x64.Build.0 = Release|x64
		{659B6D31-AF94-499E-83A9-A4A978281F83}.Release|x86.ActiveCfg = Release|Win32
		{659B6D31-AF94-499E-83A9-A4A978281F83}.Release|x86.Build.0 = Release|Win32
	EndGlobalSection
	GlobalSection(SolutionProperties) = preSolution
		HideSolutionNode = FALSE
	EndGlobalSection
	GlobalSection(ExtensibilityGlobals) = postSolution
		SolutionGuid = {87FAAC4A-596C-45A0-A36F-029484FAEC27}
	EndGlobalSection
EndGlobal
